
Microsoft Visual Studio Solution File, Format Version 12.00
# Visual Studio Version 18
VisualStudioVersion = 18.5.11723.231
MinimumVisualStudioVersion = 10.0.40219.1
Project("{2150E333-8FDC-42A3-9474-1A3956D46DE8}") = "src", "src", "{02EA681E-C7D8-13C7-8484-4AC65E1B71E8}"
EndProject
Project("{2150E333-8FDC-42A3-9474-1A3956D46DE8}") = "Api", "Api", "{1710DF98-00D1-4703-A062-07A6B0146AFB}"
EndProject
Project("{2150E333-8FDC-42A3-9474-1A3956D46DE8}") = "Common", "Common", "{4E5476CC-35E7-4964-9A0B-A9A6685EE01E}"
EndProject
Project("{FAE04EC0-301F-11D3-BF4B-00C04F79EFBC}") = "HotelRoomMS.Api", "HotelRoomMS.Api\HotelRoomMS.Api.csproj", "{922D2991-959F-42A4-9B3F-E6798BC22B17}"
EndProject
Project("{FAE04EC0-301F-11D3-BF4B-00C04F79EFBC}") = "Common.Abstractions", "Common.Abstractions\Common.Abstractions.csproj", "{4A9DCC9E-7423-1987-F6EC-79379CD69BC7}"
EndProject
Project("{FAE04EC0-301F-11D3-BF4B-00C04F79EFBC}") = "Common.Sql", "Common.Sql\Common.Sql.csproj", "{06E65F57-C42B-4BD7-E947-2657EDA26A9C}"
EndProject
Project("{FAE04EC0-301F-11D3-BF4B-00C04F79EFBC}") = "Common.Core", "Common.Web\Common.Core.csproj", "{FC00B01B-43AC-8846-E64E-2B00B3C8E5FE}"
EndProject
Project("{2150E333-8FDC-42A3-9474-1A3956D46DE8}") = "Application", "Application", "{3995D69C-F67D-4FEB-9D41-985DCAA122ED}"
EndProject
Project("{2150E333-8FDC-42A3-9474-1A3956D46DE8}") = "Domain", "Domain", "{6787C405-FE9F-48D4-9070-5FA6DD83D210}"
EndProject
Project("{FAE04EC0-301F-11D3-BF4B-00C04F79EFBC}") = "HotelRoomMS.Domain", "HotelRoomMS.Domain\HotelRoomMS.Domain.csproj", "{43C33EC6-0ACD-4E10-B26E-3E9F5C120E51}"
EndProject
Project("{FAE04EC0-301F-11D3-BF4B-00C04F79EFBC}") = "HotelRoomMS.Application", "HotelRoomMS.Application\HotelRoomMS.Application.csproj", "{1EA58805-13D0-4327-8D60-831EEA27211D}"
EndProject
Project("{2150E333-8FDC-42A3-9474-1A3956D46DE8}") = "Infraustructure", "Infraustructure", "{A8481B72-4AB9-4AA5-9AEF-65E98EC20EA7}"
EndProject
Project("{FAE04EC0-301F-11D3-BF4B-00C04F79EFBC}") = "HotelRoomMS.Infrastructure", "HotelRoomMS.Infrastructure\HotelRoomMS.Infrastructure.csproj", "{850C2AC4-7343-4127-89C0-7B0046E4434E}"
EndProject
Project("{FAE04EC0-301F-11D3-BF4B-00C04F79EFBC}") = "Common.Accounts", "Common.Accounts\Common.Accounts.csproj", "{5ECB0D82-8E8F-4D73-A854-80FFF6F1596F}"
EndProject
Project("{FAE04EC0-301F-11D3-BF4B-00C04F79EFBC}") = "AuthSystem.Identity", "AuthSystem.Identity\AuthSystem.Identity.csproj", "{77D75676-ADE4-4A05-83D1-AAAFA30CFB85}"
EndProject
Global
	GlobalSection(SolutionConfigurationPlatforms) = preSolution
		Debug|Any CPU = Debug|Any CPU
		Release|Any CPU = Release|Any CPU
	EndGlobalSection
	GlobalSection(ProjectConfigurationPlatforms) = postSolution
		{922D2991-959F-42A4-9B3F-E6798BC22B17}.Debug|Any CPU.ActiveCfg = Debug|Any CPU
		{922D2991-959F-42A4-9B3F-E6798BC22B17}.Debug|Any CPU.Build.0 = Debug|Any CPU
		{922D2991-959F-42A4-9B3F-E6798BC22B17}.Release|Any CPU.ActiveCfg = Release|Any CPU
		{922D2991-959F-42A4-9B3F-E6798BC22B17}.Release|Any CPU.Build.0 = Release|Any CPU
		{4A9DCC9E-7423-1987-F6EC-79379CD69BC7}.Debug|Any CPU.ActiveCfg = Debug|Any CPU
		{4A9DCC9E-7423-1987-F6EC-79379CD69BC7}.Debug|Any CPU.Build.0 = Debug|Any CPU
		{4A9DCC9E-7423-1987-F6EC-79379CD69BC7}.Release|Any CPU.ActiveCfg = Release|Any CPU
		{4A9DCC9E-7423-1987-F6EC-79379CD69BC7}.Release|Any CPU.Build.0 = Release|Any CPU
		{06E65F57-C42B-4BD7-E947-2657EDA26A9C}.Debug|Any CPU.ActiveCfg = Debug|Any CPU
		{06E65F57-C42B-4BD7-E947-2657EDA26A9C}.Debug|Any CPU.Build.0 = Debug|Any CPU
		{06E65F57-C42B-4BD7-E947-2657EDA26A9C}.Release|Any CPU.ActiveCfg = Release|Any CPU
		{06E65F57-C42B-4BD7-E947-2657EDA26A9C}.Release|Any CPU.Build.0 = Release|Any CPU
		{FC00B01B-43AC-8846-E64E-2B00B3C8E5FE}.Debug|Any CPU.ActiveCfg = Debug|Any CPU
		{FC00B01B-43AC-8846-E64E-2B00B3C8E5FE}.Debug|Any CPU.Build.0 = Debug|Any CPU
		{FC00B01B-43AC-8846-E64E-2B00B3C8E5FE}.Release|Any CPU.ActiveCfg = Release|Any CPU
		{FC00B01B-43AC-8846-E64E-2B00B3C8E5FE}.Release|Any CPU.Build.0 = Release|Any CPU
		{43C33EC6-0ACD-4E10-B26E-3E9F5C120E51}.Debug|Any CPU.ActiveCfg = Debug|Any CPU
		{43C33EC6-0ACD-4E10-B26E-3E9F5C120E51}.Debug|Any CPU.Build.0 = Debug|Any CPU
		{43C33EC6-0ACD-4E10-B26E-3E9F5C120E51}.Release|Any CPU.ActiveCfg = Release|Any CPU
		{43C33EC6-0ACD-4E10-B26E-3E9F5C120E51}.Release|Any CPU.Build.0 = Release|Any CPU
		{1EA58805-13D0-4327-8D60-831EEA27211D}.Debug|Any CPU.ActiveCfg = Debug|Any CPU
		{1EA58805-13D0-4327-8D60-831EEA27211D}.Debug|Any CPU.Build.0 = Debug|Any CPU
		{1EA58805-13D0-4327-8D60-831EEA27211D}.Release|Any CPU.ActiveCfg = Release|Any CPU
		{1EA58805-13D0-4327-8D60-831EEA27211D}.Release|Any CPU.Build.0 = Release|Any CPU
		{850C2AC4-7343-4127-89C0-7B0046E4434E}.Debug|Any CPU.ActiveCfg = Debug|Any CPU
		{850C2AC4-7343-4127-89C0-7B0046E4434E}.Debug|Any CPU.Build.0 = Debug|Any CPU
		{850C2AC4-7343-4127-89C0-7B0046E4434E}.Release|Any CPU.ActiveCfg = Release|Any CPU
		{850C2AC4-7343-4127-89C0-7B0046E4434E}.Release|Any CPU.Build.0 = Release|Any CPU
		{5ECB0D82-8E8F-4D73-A854-80FFF6F1596F}.Debug|Any CPU.ActiveCfg = Debug|Any CPU
		{5ECB0D82-8E8F-4D73-A854-80FFF6F1596F}.Debug|Any CPU.Build.0 = Debug|Any CPU
		{5ECB0D82-8E8F-4D73-A854-80FFF6F1596F}.Release|Any CPU.ActiveCfg = Release|Any CPU
		{5ECB0D82-8E8F-4D73-A854-80FFF6F1596F}.Release|Any CPU.Build.0 = Release|Any CPU
		{77D75676-ADE4-4A05-83D1-AAAFA30CFB85}.Debug|Any CPU.ActiveCfg = Debug|Any CPU
		{77D75676-ADE4-4A05-83D1-AAAFA30CFB85}.Debug|Any CPU.Build.0 = Debug|Any CPU
		{77D75676-ADE4-4A05-83D1-AAAFA30CFB85}.Release|Any CPU.ActiveCfg = Release|Any CPU
		{77D75676-ADE4-4A05-83D1-AAAFA30CFB85}.Release|Any CPU.Build.0 = Release|Any CPU
	EndGlobalSection
	GlobalSection(SolutionProperties) = preSolution
		HideSolutionNode = FALSE
	EndGlobalSection
	GlobalSection(NestedProjects) = preSolution
		{1710DF98-00D1-4703-A062-07A6B0146AFB} = {02EA681E-C7D8-13C7-8484-4AC65E1B71E8}
		{4E5476CC-35E7-4964-9A0B-A9A6685EE01E} = {02EA681E-C7D8-13C7-8484-4AC65E1B71E8}
		{922D2991-959F-42A4-9B3F-E6798BC22B17} = {1710DF98-00D1-4703-A062-07A6B0146AFB}
		{4A9DCC9E-7423-1987-F6EC-79379CD69BC7} = {4E5476CC-35E7-4964-9A0B-A9A6685EE01E}
		{06E65F57-C42B-4BD7-E947-2657EDA26A9C} = {4E5476CC-35E7-4964-9A0B-A9A6685EE01E}
		{FC00B01B-43AC-8846-E64E-2B00B3C8E5FE} = {4E5476CC-35E7-4964-9A0B-A9A6685EE01E}
		{3995D69C-F67D-4FEB-9D41-985DCAA122ED} = {02EA681E-C7D8-13C7-8484-4AC65E1B71E8}
		{6787C405-FE9F-48D4-9070-5FA6DD83D210} = {02EA681E-C7D8-13C7-8484-4AC65E1B71E8}
		{43C33EC6-0ACD-4E10-B26E-3E9F5C120E51} = {6787C405-FE9F-48D4-9070-5FA6DD83D210}
		{1EA58805-13D0-4327-8D60-831EEA27211D} = {3995D69C-F67D-4FEB-9D41-985DCAA122ED}
		{A8481B72-4AB9-4AA5-9AEF-65E98EC20EA7} = {02EA681E-C7D8-13C7-8484-4AC65E1B71E8}
		{850C2AC4-7343-4127-89C0-7B0046E4434E} = {A8481B72-4AB9-4AA5-9AEF-65E98EC20EA7}
		{5ECB0D82-8E8F-4D73-A854-80FFF6F1596F} = {4E5476CC-35E7-4964-9A0B-A9A6685EE01E}
		{77D75676-ADE4-4A05-83D1-AAAFA30CFB85} = {4E5476CC-35E7-4964-9A0B-A9A6685EE01E}
	EndGlobalSection
	GlobalSection(ExtensibilityGlobals) = postSolution
		SolutionGuid = {C4D3580B-9C04-408B-BEB7-85EE313C9B1A}
	EndGlobalSection
EndGlobal
